github.com/go-chi/chi/v5 v5.3.2 h1:5YQkICvTCSZ25hoRsyJazN0scjzKGiu4VAUc7H1o1nY=
github.com/go-chi/chi/v5 v5.3.2/go.mod h1:R+tYY2hNuVUUjxoPtqUdgBqevM9s9njzkTLutVsOCto=
github.com/matryer/is v1.4.1 h1:55ehd8zaGABKLXQUe2awZ99BD/PTc2ls+KV/dXphgEQ=
github.com/matryer/is v1.4.1/go.mod h1:8I/i5uYgLzgsgEloJE1U6xx5HkBQpAZvepWuujKwMRU=
github.com/pkg/errors v0.9.1 h1:FEBLx1zS214owpjy7qsBeixbURkuhQAwrK5UwLGTwt4=
github.com/pkg/errors v0.9.1/go.mod h1:bwawxfHBFNV+L2hUp1rHADufV3IMtnDRdf1r5NINEl0=
github.com/wearemojo/mojo-public-go v0.0.0-20260821110004-03e46fad28bb h1:hHTzfbuaFtjbaMy+zAYW8q15DwOltr8BGIEhDYxJw5c=
github.com/wearemojo/mojo-public-go v0.0.0-20260821110004-03e46fad28bb/go.mod h1:WgUgXILk6pGigxcVZaYysO5GPkY3KJAUp6aHG0CiDEk=
